# This file is generated by running "yarn install" inside your project.
# Manual changes might be lost - proceed with caution!

__metadata:
  version: 8
  cacheKey: 10

"aws-cdk@npm:^1.2.3":
  version: 1.2.999
  resolution: "aws-cdk@npm:1.2.999"
  dependencies:
    aws-cdk-lib: "npm:^2.3.4"
  checksum: 10/banana
  languageName: node
  linkType: hard

"aws-cdk-lib@npm:^2.3.4":
  version: 2.3.999
  resolution: "aws-cdk-lib@npm:2.3.999"
  checksum: 10-pineapple
  languageName: node
  linkType: hard
